
Microsoft Visual Studio Solution File, Format Version 12.00
# Visual Studio 2012
Project("{FAE04EC0-301F-11D3-BF4B-00C04F79EFBC}") = "01单例模式", "单例模式\01单例模式.csproj", "{43F8982E-6D55-438E-A780-CB6526B0CEB2}"
EndProject
Project("{FAE04EC0-301F-11D3-BF4B-00C04F79EFBC}") = "02简单工厂模式", "简单工厂模式\02简单工厂模式.csproj", "{60E374B4-A92E-4AA1-98DD-2809DBEC4F4F}"
EndProject
Project("{FAE04EC0-301F-11D3-BF4B-00C04F79EFBC}") = "03工厂方法模式", "工厂方法模式\03工厂方法模式.csproj", "{ED5E162B-487B-476B-8D4B-128890454920}"
EndProject
Project("{FAE04EC0-301F-11D3-BF4B-00C04F79EFBC}") = "04抽象工厂模式", "04抽象工厂模式\04抽象工厂模式.csproj", "{DEA4D31B-95FF-4D75-8A5D-C3B5644FA628}"
EndProject
Project("{FAE04EC0-301F-11D3-BF4B-00C04F79EFBC}") = "05建造者模式", "建造者模式\05建造者模式.csproj", "{EC748408-429C-4ECC-A052-58E12EB0B372}"
EndProject
Project("{FAE04EC0-301F-11D3-BF4B-00C04F79EFBC}") = "06原型模式", "原型模式\06原型模式.csproj", "{5F6F1D10-CAAD-43B6-8CB9-5CE0432A5CE8}"
EndProject
Project("{FAE04EC0-301F-11D3-BF4B-00C04F79EFBC}") = "07适配器模式", "适配器模式\07适配器模式.csproj", "{DFE4B97B-F04B-4F6E-A303-E56035CE2D5D}"
EndProject
Project("{FAE04EC0-301F-11D3-BF4B-00C04F79EFBC}") = "08桥接模式", "桥接模式\08桥接模式.csproj", "{8F2E5815-760B-4079-A750-9529D27BE2F6}"
EndProject
Project("{FAE04EC0-301F-11D3-BF4B-00C04F79EFBC}") = "09装饰者模式", "装饰者模式\09装饰者模式.csproj", "{201DC107-E5E0-407E-934E-241FD7CBBFC1}"
EndProject
Project("{FAE04EC0-301F-11D3-BF4B-00C04F79EFBC}") = "10组合模式", "10组合模式\10组合模式.csproj", "{6C703E8E-ADAD-4242-89F3-387D70791E15}"
EndProject
Global
	GlobalSection(SolutionConfigurationPlatforms) = preSolution
		Debug|Any CPU = Debug|Any CPU
		Release|Any CPU = Release|Any CPU
	EndGlobalSection
	GlobalSection(ProjectConfigurationPlatforms) = postSolution
		{43F8982E-6D55-438E-A780-CB6526B0CEB2}.Debug|Any CPU.ActiveCfg = Debug|Any CPU
		{43F8982E-6D55-438E-A780-CB6526B0CEB2}.Debug|Any CPU.Build.0 = Debug|Any CPU
		{43F8982E-6D55-438E-A780-CB6526B0CEB2}.Release|Any CPU.ActiveCfg = Release|Any CPU
		{43F8982E-6D55-438E-A780-CB6526B0CEB2}.Release|Any CPU.Build.0 = Release|Any CPU
		{60E374B4-A92E-4AA1-98DD-2809DBEC4F4F}.Debug|Any CPU.ActiveCfg = Debug|Any CPU
		{60E374B4-A92E-4AA1-98DD-2809DBEC4F4F}.Debug|Any CPU.Build.0 = Debug|Any CPU
		{60E374B4-A92E-4AA1-98DD-2809DBEC4F4F}.Release|Any CPU.ActiveCfg = Release|Any CPU
		{60E374B4-A92E-4AA1-98DD-2809DBEC4F4F}.Release|Any CPU.Build.0 = Release|Any CPU
		{ED5E162B-487B-476B-8D4B-128890454920}.Debug|Any CPU.ActiveCfg = Debug|Any CPU
		{ED5E162B-487B-476B-8D4B-128890454920}.Debug|Any CPU.Build.0 = Debug|Any CPU
		{ED5E162B-487B-476B-8D4B-128890454920}.Release|Any CPU.ActiveCfg = Release|Any CPU
		{ED5E162B-487B-476B-8D4B-128890454920}.Release|Any CPU.Build.0 = Release|Any CPU
		{DEA4D31B-95FF-4D75-8A5D-C3B5644FA628}.Debug|Any CPU.ActiveCfg = Debug|Any CPU
		{DEA4D31B-95FF-4D75-8A5D-C3B5644FA628}.Debug|Any CPU.Build.0 = Debug|Any CPU
		{DEA4D31B-95FF-4D75-8A5D-C3B5644FA628}.Release|Any CPU.ActiveCfg = Release|Any CPU
		{DEA4D31B-95FF-4D75-8A5D-C3B5644FA628}.Release|Any CPU.Build.0 = Release|Any CPU
		{EC748408-429C-4ECC-A052-58E12EB0B372}.Debug|Any CPU.ActiveCfg = Debug|Any CPU
		{EC748408-429C-4ECC-A052-58E12EB0B372}.Debug|Any CPU.Build.0 = Debug|Any CPU
		{EC748408-429C-4ECC-A052-58E12EB0B372}.Release|Any CPU.ActiveCfg = Release|Any CPU
		{EC748408-429C-4ECC-A052-58E12EB0B372}.Release|Any CPU.Build.0 = Release|Any CPU
		{5F6F1D10-CAAD-43B6-8CB9-5CE0432A5CE8}.Debug|Any CPU.ActiveCfg = Debug|Any CPU
		{5F6F1D10-CAAD-43B6-8CB9-5CE0432A5CE8}.Debug|Any CPU.Build.0 = Debug|Any CPU
		{5F6F1D10-CAAD-43B6-8CB9-5CE0432A5CE8}.Release|Any CPU.ActiveCfg = Release|Any CPU
		{5F6F1D10-CAAD-43B6-8CB9-5CE0432A5CE8}.Release|Any CPU.Build.0 = Release|Any CPU
		{DFE4B97B-F04B-4F6E-A303-E56035CE2D5D}.Debug|Any CPU.ActiveCfg = Debug|Any CPU
		{DFE4B97B-F04B-4F6E-A303-E56035CE2D5D}.Debug|Any CPU.Build.0 = Debug|Any CPU
		{DFE4B97B-F04B-4F6E-A303-E56035CE2D5D}.Release|Any CPU.ActiveCfg = Release|Any CPU
		{DFE4B97B-F04B-4F6E-A303-E56035CE2D5D}.Release|Any CPU.Build.0 = Release|Any CPU
		{8F2E5815-760B-4079-A750-9529D27BE2F6}.Debug|Any CPU.ActiveCfg = Debug|Any CPU
		{8F2E5815-760B-4079-A750-9529D27BE2F6}.Debug|Any CPU.Build.0 = Debug|Any CPU
		{8F2E5815-760B-4079-A750-9529D27BE2F6}.Release|Any CPU.ActiveCfg = Release|Any CPU
		{8F2E5815-760B-4079-A750-9529D27BE2F6}.Release|Any CPU.Build.0 = Release|Any CPU
		{201DC107-E5E0-407E-934E-241FD7CBBFC1}.Debug|Any CPU.ActiveCfg = Debug|Any CPU
		{201DC107-E5E0-407E-934E-241FD7CBBFC1}.Debug|Any CPU.Build.0 = Debug|Any CPU
		{201DC107-E5E0-407E-934E-241FD7CBBFC1}.Release|Any CPU.ActiveCfg = Release|Any CPU
		{201DC107-E5E0-407E-934E-241FD7CBBFC1}.Release|Any CPU.Build.0 = Release|Any CPU
		{6C703E8E-ADAD-4242-89F3-387D70791E15}.Debug|Any CPU.ActiveCfg = Debug|Any CPU
		{6C703E8E-ADAD-4242-89F3-387D70791E15}.Debug|Any CPU.Build.0 = Debug|Any CPU
		{6C703E8E-ADAD-4242-89F3-387D70791E15}.Release|Any CPU.ActiveCfg = Release|Any CPU
		{6C703E8E-ADAD-4242-89F3-387D70791E15}.Release|Any CPU.Build.0 = Release|Any CPU
	EndGlobalSection
	GlobalSection(SolutionProperties) = preSolution
		HideSolutionNode = FALSE
	EndGlobalSection
EndGlobal
